version: 4
verified_at: 2026-09-30
context: C001

components:
  - name: repomix
    role: primary-context-packer
    repository: yamadashy/repomix
    pinned_version: 1.18.1
    license: MIT
    status: promoted-primary
    lab_run_id: 36739897813

  - name: gitingest
    role: lightweight-python-ingest-fallback
    repository: coderamp-labs/gitingest
    pinned_version: 0.3.1
    license: MIT
    status: promoted-fallback
    lab_run_id: 36739897813

  - name: code2prompt
    role: scoped-agent-context-and-mcp
    repository: mufeedvh/code2prompt
    pinned_version: 4.2.0
    license: MIT
    status: promoted-agent-path-with-git-repository-constraint
    linux_x86_64_sha256: 69ff91f6e690de4814f38eb79d1fff5971d5a39bdc82b23ea784dcd450bf965f
    lab_run_id: 36739897813

  - name: codegraph
    role: semantic-code-graph
    repository: codegraph-ai/CodeGraph
    pinned_version: 0.20.1
    license: Apache-2.0
    status: proposed-primary-pending-lab
    linux_x86_64_sha256: 32b26422fa5ffe0a130955b7f7df771f722b2d427d67f53f104d9907bdfb24a6
    evaluation_mode: graph-only
    telemetry: off
    evidence_targets:
      - symbol-search
      - cross-file-callers
      - dependency-graph
      - impact-analysis
      - mcp
      - architecture-doc-generation

  - name: gitdiagram
    role: architecture-visualization
    repository: ahmedkhaleel2004/gitdiagram
    license: MIT
    status: evaluate-for-promotion

  - name: deepwiki-open
    role: wiki-and-repository-qa
    repository: AsyncFuncAI/deepwiki-open
    license: MIT
    status: evaluate-for-promotion

  - name: serena
    role: semantic-editing-adapter
    repository: oraios/serena
    license: GPL-3.0-or-later-for-current-application-code
    status: external-adapter-only

  - name: gitreverse
    role: synthetic-prompt-reverse-engineering
    repository: filiksyos/gitreverse
    license: unknown-in-current-review
    status: reference-only

  - name: gitnexus
    role: benchmark-reference-architecture
    repository: nxpatterns/gitnexus
    license: PolyForm-Noncommercial-1.0.0
    status: reference-only-no-commercial-embedding
    benchmark_requirements:
      - process-detection
      - community-clustering
      - multi-repo-registry
      - cross-repo-contracts
      - diff-impact
      - token-budgeted-graph-responses
      - graph-aware-agent-hooks
      - optional-pdg-and-taint

  - name: explaingithub
    role: repository-qa-reference
    repository: unknown
    license: unknown
    status: service-reference-only

context_packaging_routing:
  default: repomix
  scoped_agent_or_mcp: code2prompt
  lightweight_python_fallback: gitingest
  run_all_three_by_default: false

semantic_graph_routing:
  primary: codegraph
  benchmark_reference_only: gitnexus
  engine_abstraction_owned_by_sazan: true

policy:
  unknown_license: reference-only
  noncommercial_license: no-commercial-embedding
  performance_numbers_are_fixture_specific: true
  promotion_requires:
    - provenance
    - license-review
    - security-review
    - lab-evidence
    - capability-delta
    - rollback-path
