version: 24
verified_at: 2026-09-30
context: C002

components:
  - name: sazan-repository-intelligence-orchestrator
    role: end-to-end-l0-l7-orchestration
    implementation: agents/repo-skill-steward/repository-intelligence/scripts/orchestrate_repository_intelligence.py
    evidence_envelope: agents/repo-skill-steward/repository-intelligence/scripts/evidence_envelope.py
    license: repository-license
    status: promoted-primary
    lab_run_id: 36750536038
    properties:
      - deterministic-stage-order
      - common-evidence-envelope
      - private-identity-redaction
      - explicit-run-budgets
      - analysis-mode-skips-semantic-editing
      - stop-on-blocked-or-failed
      - delegates-l7-to-verified-promotion-gate
      - no-auto-promotion
      - parent-review-required

  - name: sazan-budget-guard
    role: token-graph-output-and-stage-time-budget-enforcement
    implementation: agents/repo-skill-steward/repository-intelligence/scripts/budget_guard.py
    license: repository-license
    status: promoted-primary
    lab_run_id: 36757285076
    properties:
      - strict-fail-closed-mode
      - stage-specific-required-measurements
      - cumulative-context-token-budget
      - cumulative-output-byte-budget
      - max-graph-node-ceiling
      - per-stage-elapsed-time-check
      - explicit-token-count-method
      - truncation-blocked-by-default
      - exact-output-byte-helper
      - no-artifact-mutation
      - legacy-nonstrict-compatibility
      - deterministic-receipts

  - name: sazan-provider-health-router
    role: evidence-backed-provider-health-and-fallback-routing
    implementation: agents/repo-skill-steward/repository-intelligence/scripts/provider_health.py
    license: repository-license
    status: promoted-primary
    lab_run_id: 36759816437
    properties:
      - health-evidence-required
      - health-and-stage-eligibility-separated
      - same-contract-fallback-only
      - explicit-fallback-receipts
      - private-target-provider-safety
      - degraded-provider-opt-in
      - provider-result-match-enforced
      - no-silent-fallback
      - fail-closed-when-no-equivalent-provider
      - deterministic-routing

  - name: sazan-incremental-cache
    role: evidence-backed-incremental-stage-cache
    implementation: agents/repo-skill-steward/repository-intelligence/scripts/incremental_cache.py
    license: repository-license
    status: proposed-primary-pending-lab
    properties:
      - semantic-stage-input-fingerprints
      - revision-is-provenance-not-default-key
      - safe-cross-revision-reuse
      - same-revision-only-policy
      - provider-version-contract-invalidation
      - policy-fingerprint-invalidation
      - implementation-fingerprint-invalidation
      - dependency-chain-invalidation
      - cache-key-integrity-check
      - result-fingerprint-required
      - privacy-safe-repository-ids
      - deterministic-receipts

  - name: sazan-multi-repo-registry
    role: workspace-repository-registry-and-cross-repo-contract-graph
    implementation: agents/repo-skill-steward/repository-intelligence/scripts/multi_repo_registry.py
    license: repository-license
    status: promoted-primary
    lab_run_id: 36751884638
    properties:
      - stable-repository-identity
      - private-source-redaction
      - evidence-backed-provides-requires-model
      - http-api-event-schema-package-cli-storage-custom-contracts
      - upstream-downstream-topology
      - exact-or-wildcard-baseline-version-compatibility
      - unresolved-contract-blockers
      - ambiguous-provider-blockers
      - version-mismatch-blockers
      - external-requirements-not-forced-internal

  - name: sazan-process-flow-synthesis
    role: cross-repository-process-and-execution-flow-synthesis
    implementation: agents/repo-skill-steward/repository-intelligence/scripts/process_flow_synthesis.py
    license: repository-license
    status: promoted-primary
    lab_run_id: 36753107333
    properties:
      - matched-contract-boundary-enforcement
      - explicit-runtime-flow-direction
      - observed-inferred-propagation
      - evidence-aggregation
      - private-source-independent
      - bounded-max-hops
      - bounded-max-paths
      - cycle-reporting
      - unreachable-step-reporting
      - deterministic-output

  - name: sazan-diff-impact-normalizer
    role: local-to-cross-repository-blast-radius-normalization
    implementation: agents/repo-skill-steward/repository-intelligence/scripts/diff_impact_normalize.py
    license: repository-license
    status: promoted-primary
    lab_run_id: 36755232124
    properties:
      - codegraph-impact-compatible
      - provider-independent-normalized-schema
      - local-file-symbol-test-impact
      - contract-impact-propagation
      - downstream-flow-propagation
      - downstream-repository-review-scope
      - private-absolute-path-redaction
      - version-compatibility-findings
      - deterministic-impact-level
      - explicit-test-review-scope
      - partial-evidence-state

  - name: repomix
    role: primary-context-packer
    repository: yamadashy/repomix
    pinned_version: 1.18.1
    license: MIT
    status: promoted-primary
    lab_run_id: 36739897813
    lab_observation:
      output_bytes: 2277
      output_lines: 86
      elapsed_ms: 6186
      gitignore_marker_present: false
    evidence:
      - token-aware-packaging
      - git-aware-filtering
      - remote-repository-input
      - secretlint-backed-secret-detection
      - tree-sitter-compression
      - multi-format-output

  - name: gitingest
    role: lightweight-python-ingest-fallback
    repository: coderamp-labs/gitingest
    pinned_version: 0.3.1
    license: MIT
    status: promoted-fallback
    lab_run_id: 36739897813
    lab_observation:
      output_bytes: 1281
      output_lines: 53
      elapsed_ms: 1250
      gitignore_marker_present: false
    evidence:
      - cli
      - python-sync-api
      - python-async-api
      - url-ingest
      - gitignore-support
      - self-host-docker

  - name: code2prompt
    role: scoped-agent-context-and-mcp
    repository: mufeedvh/code2prompt
    pinned_version: 4.2.0
    license: MIT
    status: promoted-agent-path-with-git-repository-constraint
    linux_x86_64_sha256: 69ff91f6e690de4814f38eb79d1fff5971d5a39bdc82b23ea784dcd450bf965f
    lab_run_id: 36739897813
    lab_observation:
      output_bytes: 827
      output_lines: 59
      elapsed_ms: 52
      gitignore_marker_present: false
    constraints:
      - plain-directory lab attempt included the gitignored marker
      - use against an initialized Git repository when gitignore semantics are required
    evidence:
      - rust-core
      - cli-and-tui
      - python-sdk
      - mcp
      - templates
      - token-estimation
      - git-integration

  - name: codegraph
    role: primary-semantic-code-graph
    repository: codegraph-ai/CodeGraph
    pinned_version: 0.20.1
    license: Apache-2.0
    status: promoted-primary
    linux_x86_64_sha256: 32b26422fa5ffe0a130955b7f7df771f722b2d427d67f53f104d9907bdfb24a6
    lab_run_id: 36740772666
    evaluation_mode: graph-only
    telemetry: off
    verified:
      symbol_search: true
      cross_file_callers: true
      dependency_graph: true
      impact_analysis: true
    evidence:
      - 38-language-tree-sitter-parsing
      - mcp
      - call-graph
      - dependency-graph
      - impact-analysis
      - related-test-discovery
      - architecture-doc-generation
      - documentation-verification
    constraints:
      - community-and-pro-capabilities-must-not-be-conflated
      - pro-only-security-or-cross-project-features-are-not-core-evidence

  - name: sazan-mermaid-renderer
    role: primary-architecture-presentation
    implementation: agents/repo-skill-steward/repository-intelligence/scripts/render_architecture_mermaid.py
    license: repository-license
    status: promoted-primary
    lab_run_id: 36742665729
    properties:
      - deterministic
      - stdlib-python-only
      - no-network
      - no-api-keys
      - bounded-output
      - sanitized-labels
      - stable-node-identifiers
      - external-nodes-excluded-by-default

  - name: gitdiagram
    role: optional-external-architecture-visualization
    repository: ahmedkhaleel2004/gitdiagram
    license: MIT
    status: optional-reference-not-core
    constraints:
      - full-self-host-stack-requires-bun-nextjs-r2-upstash-and-ai-provider
      - hosted-private-repository-use-requires-explicit-authorization
      - must-not-be-required-for-core-repository-intelligence

  - name: sazan-lightweight-wiki-qa
    role: primary-wiki-and-repository-qa
    implementation: codegraph-plus-context-packaging-plus-sazan-reasoning
    status: promoted-primary
    lab_run_id: 36744130393
    properties:
      - graph-first-evidence
      - natural-language-curated-context
      - architecture-doc-generation
      - no-vector-db-required-for-baseline
      - no-embedding-api-required-for-baseline
      - no-external-llm-api-required-by-retrieval-layer
      - private-repo-local-evidence-path

  - name: deepwiki-open
    role: optional-full-wiki-rag-product
    repository: AsyncFuncAI/deepwiki-open
    license: MIT
    status: optional-full-rag-product-not-core
    capabilities:
      - adalflow-rag
      - faiss
      - persistent-local-indexes
      - streaming-chat
      - wiki-generation
      - codemap
      - markdown-json-export
      - multi-provider-llm
      - ollama-local-mode
    constraints:
      - separate-fastapi-backend
      - embedding-model-required-for-rag
      - generation-model-required-for-wiki-and-chat
      - additional-index-cache-lifecycle

  - name: serena-1-7
    role: primary-semantic-editing-candidate
    repository: oraios/serena
    pinned_version: 1.7.0
    pinned_commit: 949a27ef1e5fda1a6e7b561e777bcece345c6ffd
    license: MIT
    status: promoted-primary-isolated-process
    lab_run_id: 36745934710
    runtime_prerequisite:
      uv_version: 0.12.21
      uv_linux_x86_64_sha256: 23f02075b652bb1df64178cfae41b5caf160822e720e2663568f3f5d63bc52c0
    capabilities:
      - find-symbol
      - find-referencing-symbols
      - find-declaration
      - find-implementations
      - diagnostics
      - cross-file-symbol-rename
      - replace-symbol-body
      - insert-before-symbol
      - insert-after-symbol
      - safe-delete
      - mcp
    constraints:
      - frozen-last-mit-release
      - language-server-capabilities-vary-by-language
      - must-be-guarded-by-pre-and-post-verification
      - run-behind-mcp-or-subprocess-boundary
      - in-process-headless-teardown-can-terminate-caller

  - name: serena-v2
    role: future-external-semantic-editing-reference
    repository: oraios/serena
    license: GPL-3.0-or-later-for-current-application-code
    status: external-reference-only
    constraints:
      - do-not-vendor-into-commercial-core-without-license-review
      - do-not-silently-upgrade-from-mit-adapter

  - name: solidlsp
    role: future-permissive-semantic-editing-foundation
    repository: oraios/serena
    source_path: src/solidlsp
    license: MIT
    status: future-sazan-owned-adapter-candidate

  - name: sazan-rebuild-spec
    role: primary-clean-room-reverse-engineering
    implementation: agents/repo-skill-steward/repository-intelligence/scripts/build_rebuild_spec.py
    subagent: agents/repo-skill-steward/repository-intelligence/subagents/reverse-engineering/SKILL.md
    license: repository-license
    status: promoted-primary
    lab_run_id: 36747513165
    properties:
      - evidence-ledger
      - observed-inferred-unknown-claim-states
      - deterministic-markdown-and-json
      - acceptance-criteria-required
      - rejects-unsupported-observed-claims
      - clean-room-behavior-and-contract-focus
      - verifier-gated

  - name: gitreverse
    role: synthetic-prompt-reverse-engineering-reference
    repository: filiksyos/gitreverse
    license: unknown-no-license-detected
    status: reference-only
    observed_scope:
      - public-github-repository
      - repository-metadata
      - depth-1-tree-in-quick-flow
      - readme-up-to-8000-characters
      - single-120-200-word-synthetic-user-prompt
      - hosted-llm-provider-required-for-generation
    constraints:
      - no-root-license-file-found
      - github-license-field-null
      - shallow-evidence-not-sufficient-for-authoritative-rebuild-spec
      - do-not-vendor-or-copy-implementation

  - name: sazan-promotion-gate
    role: evidence-and-promotion-policy-engine
    implementation: agents/repo-skill-steward/repository-intelligence/scripts/evaluate_promotion.py
    verifier: agents/repo-skill-steward/repository-intelligence/subagents/verifier/SKILL.md
    license: repository-license
    status: promoted-primary
    lab_run_id: 36748478777
    properties:
      - deterministic
      - no-auto-promotion
      - parent-approval-required
      - integration-mode-aware-license-policy
      - provenance-gate
      - security-gate
      - lab-gate
      - capability-delta-gate
      - rollback-gate
      - private-data-gate
      - verifier-gate
      - explicit-constraints

  - name: gitnexus
    role: benchmark-reference-architecture
    repository: nxpatterns/gitnexus
    license: PolyForm-Noncommercial-1.0.0
    status: reference-only-no-commercial-embedding
    benchmark_requirements:
      - process-detection
      - community-clustering
      - multi-repo-registry
      - cross-repo-contracts
      - diff-impact
      - token-budgeted-graph-responses
      - graph-aware-agent-hooks
      - optional-pdg-and-taint

  - name: explaingithub
    role: repository-qa-reference
    repository: unknown
    license: unknown
    status: service-reference-only

context_packaging_routing:
  default: repomix
  scoped_agent_or_mcp: code2prompt
  lightweight_python_fallback: gitingest
  run_all_three_by_default: false

semantic_graph_routing:
  primary: codegraph
  primary_mode: graph-only
  benchmark_reference_only: gitnexus
  engine_abstraction_owned_by_sazan: true
  graph_first_for_structural_relationships: true

architecture_presentation_routing:
  primary: sazan-mermaid-renderer
  optional_external: gitdiagram
  private_repo_external_default: false
  provider_independent_contract: true

wiki_qa_routing:
  primary: sazan-lightweight-wiki-qa
  optional_full_rag_product: deepwiki-open
  graph_first: true
  persistent_vector_index_required_by_default: false
  private_repo_external_default: false

semantic_editing_routing:
  primary_candidate: serena-1-7
  pre_post_safety_gate: codegraph
  future_permissive_foundation: solidlsp
  current_serena_v2: external-reference-only
  direct_default_branch_edits: false
  post_edit_verification_required: true

reverse_engineering_routing:
  primary: sazan-rebuild-spec
  subagent: reverse-engineering
  evidence_sources:
    - intake-provenance
    - context-packaging
    - semantic-graph
    - architecture-presentation
    - wiki-qa
    - runtime-tests
    - license-security
  external_reference_only: gitreverse
  claim_states:
    - observed
    - inferred
    - unknown
  verifier_gate_required: true
  clean_room_output_required: true

promotion_routing:
  primary: sazan-promotion-gate
  verifier: verifier
  auto_promote: false
  final_authority: parent-repo-skill-steward
  decisions:
    - eligible-for-parent-promotion
    - eligible-with-constraints
    - pending-evidence
    - rejected

policy:
  unknown_license: reference-only
  noncommercial_license: no-commercial-embedding
  performance_numbers_are_fixture_specific: true
  promotion_requires:
    - provenance
    - license-review
    - security-review
    - lab-evidence
    - capability-delta
    - rollback-path

orchestration_routing:
  primary: sazan-repository-intelligence-orchestrator
  context: C002
  stage_order:
    - L0-intake
    - L1-context-packaging
    - L2-semantic-graph
    - L3-architecture-presentation
    - L4-wiki-qa
    - L5-semantic-editing
    - L6-reverse-engineering
    - L7-promotion
  analysis_mode_skips:
    - L5-semantic-editing
  private_identity_persistence: false
  auto_promote: false
  final_authority: parent-repo-skill-steward

multi_repo_routing:
  primary: sazan-multi-repo-registry
  context: C002
  private_repository_identity:
    persisted_source: false
    stable_opaque_id_required: true
  contract_states:
    - observed
    - inferred
  internal_contract_blockers:
    - unresolved-contract
    - ambiguous-provider
    - version-mismatch
    - self-contract-not-cross-repository
  external_requirements_may_remain_external: true

process_flow_routing:
  primary: sazan-process-flow-synthesis
  context: C002
  requires:
    - verified-multi-repo-registry
    - matched-contract-graph
    - evidence-backed-local-steps
    - explicit-cross-repo-bindings
  cross_repo_edge_policy: matched-contract-only
  runtime_direction_must_be_explicit: true
  claim_states:
    - observed
    - inferred
  cycles_are_reported_not_auto-blocked: true
  no_complete_entry_terminal_flow: blocked

diff_impact_routing:
  primary: sazan-diff-impact-normalizer
  context: C002
  local_semantic_provider: codegraph
  inputs:
    - verified-multi-repo-registry
    - matched-contract-graph
    - verified-process-flows
    - evidence-backed-change-set
  propagation:
    - local-semantic-impact
    - contract-impact
    - downstream-process-flow
    - downstream-repository-review
  impact_levels:
    - unknown
    - low
    - medium
    - high
    - critical
  file_change_without_semantic_evidence: partial-evidence
  private_absolute_paths_persisted: false

budget_routing:
  primary: sazan-budget-guard
  context: C002
  production_policy:
    strict: true
    allow_truncation: false
  limits:
    - max_context_tokens
    - max_graph_nodes
    - max_output_bytes
    - stage_timeout_seconds
  missing_required_measurement: blocked
  over_budget: blocked
  silent_truncation: forbidden
  actual_process_cancellation: provider-runner-responsibility

provider_health_routing:
  primary: sazan-provider-health-router
  context: C002
  production_policy:
    strict: true
    allow_degraded: false
  baseline_fallbacks:
    L1-context-packaging:
      primary: repomix
      fallback:
        - gitingest
      contract: context-packaging-v1
  non_equivalent_paths:
    - code2prompt-is-scoped-agent-mcp-not-full-context-fallback
    - deepwiki-open-is-optional-product-not-silent-wiki-fallback
    - serena-v2-is-license-constrained-reference-not-fallback
  missing_health_observation: ineligible
  unhealthy_primary_without_equivalent_fallback: blocked
  private_target_requires_private_safe_provider: true
  silent_fallback: forbidden

incremental_cache_routing:
  primary: sazan-incremental-cache
  context: C002
  default_reuse_policy: fingerprint-stable-cross-revision
  semantic_identity:
    - repository-id
    - stage
    - provider
    - provider-version
    - provider-contract
    - stage-input-fingerprint
    - policy-fingerprint
    - implementation-fingerprint
    - dependency-fingerprints
  revision_role: provenance
  cache_hit_does_not_bypass:
    - provider-health
    - budget-policy
    - license-security
    - verifier
    - parent-promotion-gate
  private_source_identity_persisted: false
